
Microsoft Visual Studio Solution File, Format Version 12.00
# Visual Studio 14
VisualStudioVersion = 14.0.25420.1
MinimumVisualStudioVersion = 10.0.40219.1
Project("{FAE04EC0-301F-11D3-BF4B-00C04F79EFBC}") = "ATP.DataModel", "V4.0\Data\ATP.DataModel\ATP.DataModel.csproj", "{AA7A2394-DF96-49C0-A6C5-47B98DA977F4}"
EndProject
Project("{FAE04EC0-301F-11D3-BF4B-00C04F79EFBC}") = "ATP.Services.Data", "V4.0\Data\ATP.Services.Data\ATP.Services.Data.csproj", "{82D13D7F-CF80-40A2-AA3B-3479CEB2367E}"
EndProject
Project("{FAE04EC0-301F-11D3-BF4B-00C04F79EFBC}") = "ATP.Rest", "V4.0\Services\ATP.Rest\ATP.Rest.csproj", "{E48794B7-E668-41A3-BC6B-65DECB76EE7C}"
EndProject
Project("{FAE04EC0-301F-11D3-BF4B-00C04F79EFBC}") = "ATP.WCF.Svcs", "V4.0\Services\ATP.WCF.Svcs\ATP.WCF.Svcs.csproj", "{325F09E7-8C02-410E-9F5D-C912A308252D}"
EndProject
Project("{FAE04EC0-301F-11D3-BF4B-00C04F79EFBC}") = "RestAPITester", "..\ATPMainSource\Version1.3\Version1.3\Version1.3\RestAPITester\RestAPITester.csproj", "{3BD540F6-92B0-4247-A4A9-847EE9C68962}"
EndProject
Project("{2150E333-8FDC-42A3-9474-1A3956D46DE8}") = "Common", "Common", "{29D96E12-CC98-442A-B099-D21BF7AF9216}"
EndProject
Project("{FAE04EC0-301F-11D3-BF4B-00C04F79EFBC}") = "WpfKb", "V4.0\Common\WpfKb\WpfKb.csproj", "{0784CDC9-0F52-4B8B-9488-6589C11E94E2}"
EndProject
Project("{FAE04EC0-301F-11D3-BF4B-00C04F79EFBC}") = "ATP.Kiosk.Common", "V4.0\Common\ATP.Kiosk.Common\ATP.Kiosk.Common.csproj", "{465721F9-2F5F-4B6F-A842-AC623C6452BC}"
EndProject
Project("{FAE04EC0-301F-11D3-BF4B-00C04F79EFBC}") = "MyShopOutDoorDealerSide", "V4.0\MyShopOutDoorDealerSide\MyShopOutDoorDealerSide.csproj", "{5676813E-A73F-4C69-87AB-CF374D2B457B}"
	ProjectSection(ProjectDependencies) = postProject
		{325F09E7-8C02-410E-9F5D-C912A308252D} = {325F09E7-8C02-410E-9F5D-C912A308252D}
	EndProjectSection
EndProject
Project("{FAE04EC0-301F-11D3-BF4B-00C04F79EFBC}") = "WinTester", "WinTester\WinTester.csproj", "{F4DBE6D5-B3E5-4B88-815D-B425DC5A2F4B}"
EndProject
Project("{FAE04EC0-301F-11D3-BF4B-00C04F79EFBC}") = "OutDoor", "V4.0\OutDoor\OutDoor.csproj", "{33C58815-641C-479E-92A2-E1CA871E49C5}"
EndProject
Project("{159641D6-6404-4A2A-AE62-294DE0FE8301}") = "ReCallIntegration", "V4.0\ReCallIntegration\ReCallIntegration\ReCallIntegration.dtproj", "{6B9C0100-E9E9-4CAB-8AE6-68F1B1B6F511}"
EndProject
Project("{FAE04EC0-301F-11D3-BF4B-00C04F79EFBC}") = "Express", "V4.0\Express\Express.csproj", "{9FE02744-DBDA-4B91-8F33-EF0B2C2B55F2}"
EndProject
Project("{FAE04EC0-301F-11D3-BF4B-00C04F79EFBC}") = "MyShopCompInspectionSync", "MyShopCompInspectionSync\MyShopCompInspectionSync.csproj", "{A7341624-B14C-4BA5-B57C-AC1EC6208BA7}"
	ProjectSection(ProjectDependencies) = postProject
		{325F09E7-8C02-410E-9F5D-C912A308252D} = {325F09E7-8C02-410E-9F5D-C912A308252D}
	EndProjectSection
EndProject
Project("{FAE04EC0-301F-11D3-BF4B-00C04F79EFBC}") = "MyShopComp", "MyShopComp\MyShopComp.csproj", "{07C80DB7-3D9A-4CA4-9E12-9937BC3E32F5}"
EndProject
Project("{FAE04EC0-301F-11D3-BF4B-00C04F79EFBC}") = "MyShopWeb", "MyShopWeb\MyShopWeb.csproj", "{E2A0E3E5-4D35-4378-B01A-4CBDC84068B3}"
EndProject
Global
	GlobalSection(SolutionConfigurationPlatforms) = preSolution
		Debug|Any CPU = Debug|Any CPU
		Development|Any CPU = Development|Any CPU
		Release|Any CPU = Release|Any CPU
	EndGlobalSection
	GlobalSection(ProjectConfigurationPlatforms) = postSolution
		{AA7A2394-DF96-49C0-A6C5-47B98DA977F4}.Debug|Any CPU.ActiveCfg = Debug|Any CPU
		{AA7A2394-DF96-49C0-A6C5-47B98DA977F4}.Development|Any CPU.ActiveCfg = Debug|Any CPU
		{AA7A2394-DF96-49C0-A6C5-47B98DA977F4}.Development|Any CPU.Build.0 = Debug|Any CPU
		{AA7A2394-DF96-49C0-A6C5-47B98DA977F4}.Release|Any CPU.ActiveCfg = Release|Any CPU
		{AA7A2394-DF96-49C0-A6C5-47B98DA977F4}.Release|Any CPU.Build.0 = Release|Any CPU
		{82D13D7F-CF80-40A2-AA3B-3479CEB2367E}.Debug|Any CPU.ActiveCfg = Debug|Any CPU
		{82D13D7F-CF80-40A2-AA3B-3479CEB2367E}.Development|Any CPU.ActiveCfg = Debug|Any CPU
		{82D13D7F-CF80-40A2-AA3B-3479CEB2367E}.Development|Any CPU.Build.0 = Debug|Any CPU
		{82D13D7F-CF80-40A2-AA3B-3479CEB2367E}.Release|Any CPU.ActiveCfg = Release|Any CPU
		{82D13D7F-CF80-40A2-AA3B-3479CEB2367E}.Release|Any CPU.Build.0 = Release|Any CPU
		{E48794B7-E668-41A3-BC6B-65DECB76EE7C}.Debug|Any CPU.ActiveCfg = Debug|Any CPU
		{E48794B7-E668-41A3-BC6B-65DECB76EE7C}.Development|Any CPU.ActiveCfg = Debug|Any CPU
		{E48794B7-E668-41A3-BC6B-65DECB76EE7C}.Development|Any CPU.Build.0 = Debug|Any CPU
		{E48794B7-E668-41A3-BC6B-65DECB76EE7C}.Release|Any CPU.ActiveCfg = Release|Any CPU
		{E48794B7-E668-41A3-BC6B-65DECB76EE7C}.Release|Any CPU.Build.0 = Release|Any CPU
		{325F09E7-8C02-410E-9F5D-C912A308252D}.Debug|Any CPU.ActiveCfg = Debug|Any CPU
		{325F09E7-8C02-410E-9F5D-C912A308252D}.Development|Any CPU.ActiveCfg = Debug|Any CPU
		{325F09E7-8C02-410E-9F5D-C912A308252D}.Development|Any CPU.Build.0 = Debug|Any CPU
		{325F09E7-8C02-410E-9F5D-C912A308252D}.Release|Any CPU.ActiveCfg = Release|Any CPU
		{325F09E7-8C02-410E-9F5D-C912A308252D}.Release|Any CPU.Build.0 = Release|Any CPU
		{3BD540F6-92B0-4247-A4A9-847EE9C68962}.Debug|Any CPU.ActiveCfg = Debug|Any CPU
		{3BD540F6-92B0-4247-A4A9-847EE9C68962}.Debug|Any CPU.Build.0 = Debug|Any CPU
		{3BD540F6-92B0-4247-A4A9-847EE9C68962}.Development|Any CPU.ActiveCfg = Debug|Any CPU
		{3BD540F6-92B0-4247-A4A9-847EE9C68962}.Release|Any CPU.ActiveCfg = Release|Any CPU
		{3BD540F6-92B0-4247-A4A9-847EE9C68962}.Release|Any CPU.Build.0 = Release|Any CPU
		{0784CDC9-0F52-4B8B-9488-6589C11E94E2}.Debug|Any CPU.ActiveCfg = Debug|Any CPU
		{0784CDC9-0F52-4B8B-9488-6589C11E94E2}.Development|Any CPU.ActiveCfg = Debug|Any CPU
		{0784CDC9-0F52-4B8B-9488-6589C11E94E2}.Development|Any CPU.Build.0 = Debug|Any CPU
		{0784CDC9-0F52-4B8B-9488-6589C11E94E2}.Release|Any CPU.ActiveCfg = Release|Any CPU
		{0784CDC9-0F52-4B8B-9488-6589C11E94E2}.Release|Any CPU.Build.0 = Release|Any CPU
		{465721F9-2F5F-4B6F-A842-AC623C6452BC}.Debug|Any CPU.ActiveCfg = Debug|Any CPU
		{465721F9-2F5F-4B6F-A842-AC623C6452BC}.Debug|Any CPU.Build.0 = Debug|Any CPU
		{465721F9-2F5F-4B6F-A842-AC623C6452BC}.Development|Any CPU.ActiveCfg = Debug|Any CPU
		{465721F9-2F5F-4B6F-A842-AC623C6452BC}.Development|Any CPU.Build.0 = Debug|Any CPU
		{465721F9-2F5F-4B6F-A842-AC623C6452BC}.Release|Any CPU.ActiveCfg = Release|Any CPU
		{465721F9-2F5F-4B6F-A842-AC623C6452BC}.Release|Any CPU.Build.0 = Release|Any CPU
		{5676813E-A73F-4C69-87AB-CF374D2B457B}.Debug|Any CPU.ActiveCfg = Debug|Any CPU
		{5676813E-A73F-4C69-87AB-CF374D2B457B}.Debug|Any CPU.Build.0 = Debug|Any CPU
		{5676813E-A73F-4C69-87AB-CF374D2B457B}.Development|Any CPU.ActiveCfg = Debug|Any CPU
		{5676813E-A73F-4C69-87AB-CF374D2B457B}.Development|Any CPU.Build.0 = Debug|Any CPU
		{5676813E-A73F-4C69-87AB-CF374D2B457B}.Release|Any CPU.ActiveCfg = Release|Any CPU
		{5676813E-A73F-4C69-87AB-CF374D2B457B}.Release|Any CPU.Build.0 = Release|Any CPU
		{F4DBE6D5-B3E5-4B88-815D-B425DC5A2F4B}.Debug|Any CPU.ActiveCfg = Debug|Any CPU
		{F4DBE6D5-B3E5-4B88-815D-B425DC5A2F4B}.Debug|Any CPU.Build.0 = Debug|Any CPU
		{F4DBE6D5-B3E5-4B88-815D-B425DC5A2F4B}.Development|Any CPU.ActiveCfg = Debug|Any CPU
		{F4DBE6D5-B3E5-4B88-815D-B425DC5A2F4B}.Development|Any CPU.Build.0 = Debug|Any CPU
		{F4DBE6D5-B3E5-4B88-815D-B425DC5A2F4B}.Release|Any CPU.ActiveCfg = Release|Any CPU
		{F4DBE6D5-B3E5-4B88-815D-B425DC5A2F4B}.Release|Any CPU.Build.0 = Release|Any CPU
		{33C58815-641C-479E-92A2-E1CA871E49C5}.Debug|Any CPU.ActiveCfg = Debug|Any CPU
		{33C58815-641C-479E-92A2-E1CA871E49C5}.Debug|Any CPU.Build.0 = Debug|Any CPU
		{33C58815-641C-479E-92A2-E1CA871E49C5}.Development|Any CPU.ActiveCfg = Debug|Any CPU
		{33C58815-641C-479E-92A2-E1CA871E49C5}.Development|Any CPU.Build.0 = Debug|Any CPU
		{33C58815-641C-479E-92A2-E1CA871E49C5}.Release|Any CPU.ActiveCfg = Release|Any CPU
		{33C58815-641C-479E-92A2-E1CA871E49C5}.Release|Any CPU.Build.0 = Release|Any CPU
		{6B9C0100-E9E9-4CAB-8AE6-68F1B1B6F511}.Debug|Any CPU.ActiveCfg = Development
		{6B9C0100-E9E9-4CAB-8AE6-68F1B1B6F511}.Debug|Any CPU.Build.0 = Development
		{6B9C0100-E9E9-4CAB-8AE6-68F1B1B6F511}.Development|Any CPU.ActiveCfg = Development
		{6B9C0100-E9E9-4CAB-8AE6-68F1B1B6F511}.Development|Any CPU.Build.0 = Development
		{6B9C0100-E9E9-4CAB-8AE6-68F1B1B6F511}.Release|Any CPU.ActiveCfg = Development
		{6B9C0100-E9E9-4CAB-8AE6-68F1B1B6F511}.Release|Any CPU.Build.0 = Development
		{9FE02744-DBDA-4B91-8F33-EF0B2C2B55F2}.Debug|Any CPU.ActiveCfg = Debug|Any CPU
		{9FE02744-DBDA-4B91-8F33-EF0B2C2B55F2}.Debug|Any CPU.Build.0 = Debug|Any CPU
		{9FE02744-DBDA-4B91-8F33-EF0B2C2B55F2}.Development|Any CPU.ActiveCfg = Debug|Any CPU
		{9FE02744-DBDA-4B91-8F33-EF0B2C2B55F2}.Development|Any CPU.Build.0 = Debug|Any CPU
		{9FE02744-DBDA-4B91-8F33-EF0B2C2B55F2}.Release|Any CPU.ActiveCfg = Release|Any CPU
		{9FE02744-DBDA-4B91-8F33-EF0B2C2B55F2}.Release|Any CPU.Build.0 = Release|Any CPU
		{A7341624-B14C-4BA5-B57C-AC1EC6208BA7}.Debug|Any CPU.ActiveCfg = Debug|Any CPU
		{A7341624-B14C-4BA5-B57C-AC1EC6208BA7}.Debug|Any CPU.Build.0 = Debug|Any CPU
		{A7341624-B14C-4BA5-B57C-AC1EC6208BA7}.Development|Any CPU.ActiveCfg = Debug|Any CPU
		{A7341624-B14C-4BA5-B57C-AC1EC6208BA7}.Development|Any CPU.Build.0 = Debug|Any CPU
		{A7341624-B14C-4BA5-B57C-AC1EC6208BA7}.Release|Any CPU.ActiveCfg = Release|Any CPU
		{A7341624-B14C-4BA5-B57C-AC1EC6208BA7}.Release|Any CPU.Build.0 = Release|Any CPU
		{07C80DB7-3D9A-4CA4-9E12-9937BC3E32F5}.Debug|Any CPU.ActiveCfg = Debug|Any CPU
		{07C80DB7-3D9A-4CA4-9E12-9937BC3E32F5}.Debug|Any CPU.Build.0 = Debug|Any CPU
		{07C80DB7-3D9A-4CA4-9E12-9937BC3E32F5}.Development|Any CPU.ActiveCfg = Debug|Any CPU
		{07C80DB7-3D9A-4CA4-9E12-9937BC3E32F5}.Development|Any CPU.Build.0 = Debug|Any CPU
		{07C80DB7-3D9A-4CA4-9E12-9937BC3E32F5}.Release|Any CPU.ActiveCfg = Release|Any CPU
		{07C80DB7-3D9A-4CA4-9E12-9937BC3E32F5}.Release|Any CPU.Build.0 = Release|Any CPU
		{E2A0E3E5-4D35-4378-B01A-4CBDC84068B3}.Debug|Any CPU.ActiveCfg = Debug|Any CPU
		{E2A0E3E5-4D35-4378-B01A-4CBDC84068B3}.Debug|Any CPU.Build.0 = Debug|Any CPU
		{E2A0E3E5-4D35-4378-B01A-4CBDC84068B3}.Development|Any CPU.ActiveCfg = Debug|Any CPU
		{E2A0E3E5-4D35-4378-B01A-4CBDC84068B3}.Development|Any CPU.Build.0 = Debug|Any CPU
		{E2A0E3E5-4D35-4378-B01A-4CBDC84068B3}.Release|Any CPU.ActiveCfg = Release|Any CPU
		{E2A0E3E5-4D35-4378-B01A-4CBDC84068B3}.Release|Any CPU.Build.0 = Release|Any CPU
	EndGlobalSection
	GlobalSection(SolutionProperties) = preSolution
		HideSolutionNode = FALSE
	EndGlobalSection
	GlobalSection(NestedProjects) = preSolution
		{0784CDC9-0F52-4B8B-9488-6589C11E94E2} = {29D96E12-CC98-442A-B099-D21BF7AF9216}
		{465721F9-2F5F-4B6F-A842-AC623C6452BC} = {29D96E12-CC98-442A-B099-D21BF7AF9216}
	EndGlobalSection
EndGlobal
